
Microsoft Visual Studio Solution File, Format Version 12.00
# Visual Studio Version 16
VisualStudioVersion = 16.0.30717.126
MinimumVisualStudioVersion = 10.0.40219.1
Project("{FAE04EC0-301F-11D3-BF4B-00C04F79EFBC}") = "Ex03-Matrizes", "Ex03-Matrizes\Ex03-Matrizes.csproj", "{22747FCF-A920-44CB-AF4F-7E3AF56687D8}"
EndProject
Global
	GlobalSection(SolutionConfigurationPlatforms) = preSolution
		Debug|Any CPU = Debug|Any CPU
		Release|Any CPU = Release|Any CPU
	EndGlobalSection
	GlobalSection(ProjectConfigurationPlatforms) = postSolution
		{22747FCF-A920-44CB-AF4F-7E3AF56687D8}.Debug|Any CPU.ActiveCfg = Debug|Any CPU
		{22747FCF-A920-44CB-AF4F-7E3AF56687D8}.Debug|Any CPU.Build.0 = Debug|Any CPU
		{22747FCF-A920-44CB-AF4F-7E3AF56687D8}.Release|Any CPU.ActiveCfg = Release|Any CPU
		{22747FCF-A920-44CB-AF4F-7E3AF56687D8}.Release|Any CPU.Build.0 = Release|Any CPU
	EndGlobalSection
	GlobalSection(SolutionProperties) = preSolution
		HideSolutionNode = FALSE
	EndGlobalSection
	GlobalSection(ExtensibilityGlobals) = postSolution
		SolutionGuid = {0122F508-8927-467D-940B-13DE61F6522B}
	EndGlobalSection
EndGlobal
