
Microsoft Visual Studio Solution File, Format Version 12.00
# Visual Studio Version 16
VisualStudioVersion = 16.0.30717.126
MinimumVisualStudioVersion = 10.0.40219.1
Project("{FAE04EC0-301F-11D3-BF4B-00C04F79EFBC}") = "ExFixacao02_Entrada_de_dados", "ExFixacao02_Entrada_de_dados\ExFixacao02_Entrada_de_dados.csproj", "{577AC729-EA40-445B-91D5-1AF816912E97}"
EndProject
Global
	GlobalSection(SolutionConfigurationPlatforms) = preSolution
		Debug|Any CPU = Debug|Any CPU
		Release|Any CPU = Release|Any CPU
	EndGlobalSection
	GlobalSection(ProjectConfigurationPlatforms) = postSolution
		{577AC729-EA40-445B-91D5-1AF816912E97}.Debug|Any CPU.ActiveCfg = Debug|Any CPU
		{577AC729-EA40-445B-91D5-1AF816912E97}.Debug|Any CPU.Build.0 = Debug|Any CPU
		{577AC729-EA40-445B-91D5-1AF816912E97}.Release|Any CPU.ActiveCfg = Release|Any CPU
		{577AC729-EA40-445B-91D5-1AF816912E97}.Release|Any CPU.Build.0 = Release|Any CPU
	EndGlobalSection
	GlobalSection(SolutionProperties) = preSolution
		HideSolutionNode = FALSE
	EndGlobalSection
	GlobalSection(ExtensibilityGlobals) = postSolution
		SolutionGuid = {E76BBABF-2A50-4160-B52C-2EF39A7D9289}
	EndGlobalSection
EndGlobal
