
Microsoft Visual Studio Solution File, Format Version 12.00
# Visual Studio Version 16
VisualStudioVersion = 16.0.30717.126
MinimumVisualStudioVersion = 10.0.40219.1
Project("{FAE04EC0-301F-11D3-BF4B-00C04F79EFBC}") = "Ex05-ClasseEstatica", "Ex05-ClasseEstatica\Ex05-ClasseEstatica.csproj", "{B38C28D5-6B26-43C7-B30C-931F2FB7495A}"
EndProject
Global
	GlobalSection(SolutionConfigurationPlatforms) = preSolution
		Debug|Any CPU = Debug|Any CPU
		Release|Any CPU = Release|Any CPU
	EndGlobalSection
	GlobalSection(ProjectConfigurationPlatforms) = postSolution
		{B38C28D5-6B26-43C7-B30C-931F2FB7495A}.Debug|Any CPU.ActiveCfg = Debug|Any CPU
		{B38C28D5-6B26-43C7-B30C-931F2FB7495A}.Debug|Any CPU.Build.0 = Debug|Any CPU
		{B38C28D5-6B26-43C7-B30C-931F2FB7495A}.Release|Any CPU.ActiveCfg = Release|Any CPU
		{B38C28D5-6B26-43C7-B30C-931F2FB7495A}.Release|Any CPU.Build.0 = Release|Any CPU
	EndGlobalSection
	GlobalSection(SolutionProperties) = preSolution
		HideSolutionNode = FALSE
	EndGlobalSection
	GlobalSection(ExtensibilityGlobals) = postSolution
		SolutionGuid = {E6C64543-61AE-4E80-A921-CDFE07EA776A}
	EndGlobalSection
EndGlobal
