
Microsoft Visual Studio Solution File, Format Version 12.00
# Visual Studio Version 16
VisualStudioVersion = 16.0.30804.86
MinimumVisualStudioVersion = 10.0.40219.1
Project("{FAE04EC0-301F-11D3-BF4B-00C04F79EFBC}") = "Ex01_Arquivos", "Ex01_Arquivos\Ex01_Arquivos.csproj", "{F6870B5F-A128-4D92-AE1D-66C5E58D60BB}"
EndProject
Global
	GlobalSection(SolutionConfigurationPlatforms) = preSolution
		Debug|Any CPU = Debug|Any CPU
		Release|Any CPU = Release|Any CPU
	EndGlobalSection
	GlobalSection(ProjectConfigurationPlatforms) = postSolution
		{F6870B5F-A128-4D92-AE1D-66C5E58D60BB}.Debug|Any CPU.ActiveCfg = Debug|Any CPU
		{F6870B5F-A128-4D92-AE1D-66C5E58D60BB}.Debug|Any CPU.Build.0 = Debug|Any CPU
		{F6870B5F-A128-4D92-AE1D-66C5E58D60BB}.Release|Any CPU.ActiveCfg = Release|Any CPU
		{F6870B5F-A128-4D92-AE1D-66C5E58D60BB}.Release|Any CPU.Build.0 = Release|Any CPU
	EndGlobalSection
	GlobalSection(SolutionProperties) = preSolution
		HideSolutionNode = FALSE
	EndGlobalSection
	GlobalSection(ExtensibilityGlobals) = postSolution
		SolutionGuid = {7114AC52-D199-4EF5-B40D-22FB7E04FD28}
	EndGlobalSection
EndGlobal
