
Microsoft Visual Studio Solution File, Format Version 12.00
# Visual Studio Version 16
VisualStudioVersion = 16.0.30717.126
MinimumVisualStudioVersion = 10.0.40219.1
Project("{FAE04EC0-301F-11D3-BF4B-00C04F79EFBC}") = "Ex01", "Ex01\Ex01.csproj", "{F80D67F0-017C-4953-B253-6ABD20A9612F}"
EndProject
Global
	GlobalSection(SolutionConfigurationPlatforms) = preSolution
		Debug|Any CPU = Debug|Any CPU
		Release|Any CPU = Release|Any CPU
	EndGlobalSection
	GlobalSection(ProjectConfigurationPlatforms) = postSolution
		{F80D67F0-017C-4953-B253-6ABD20A9612F}.Debug|Any CPU.ActiveCfg = Debug|Any CPU
		{F80D67F0-017C-4953-B253-6ABD20A9612F}.Debug|Any CPU.Build.0 = Debug|Any CPU
		{F80D67F0-017C-4953-B253-6ABD20A9612F}.Release|Any CPU.ActiveCfg = Release|Any CPU
		{F80D67F0-017C-4953-B253-6ABD20A9612F}.Release|Any CPU.Build.0 = Release|Any CPU
	EndGlobalSection
	GlobalSection(SolutionProperties) = preSolution
		HideSolutionNode = FALSE
	EndGlobalSection
	GlobalSection(ExtensibilityGlobals) = postSolution
		SolutionGuid = {3B33C066-FEA7-49BC-92BC-EC340E62510F}
	EndGlobalSection
EndGlobal
